
Microsoft Visual Studio Solution File, Format Version 12.00
# Visual Studio Version 17
VisualStudioVersion = 17.11.35327.3
MinimumVisualStudioVersion = 10.0.40219.1
Project("{FAE04EC0-301F-11D3-BF4B-00C04F79EFBC}") = "PIA_Internet", "PIA_Internet\PIA_Internet.csproj", "{27396523-D0BB-438A-8156-CE61C6C41F23}"
EndProject
Global
	GlobalSection(SolutionConfigurationPlatforms) = preSolution
		Debug|Any CPU = Debug|Any CPU
		Release|Any CPU = Release|Any CPU
	EndGlobalSection
	GlobalSection(ProjectConfigurationPlatforms) = postSolution
		{27396523-D0BB-438A-8156-CE61C6C41F23}.Debug|Any CPU.ActiveCfg = Debug|Any CPU
		{27396523-D0BB-438A-8156-CE61C6C41F23}.Debug|Any CPU.Build.0 = Debug|Any CPU
		{27396523-D0BB-438A-8156-CE61C6C41F23}.Release|Any CPU.ActiveCfg = Release|Any CPU
		{27396523-D0BB-438A-8156-CE61C6C41F23}.Release|Any CPU.Build.0 = Release|Any CPU
	EndGlobalSection
	GlobalSection(SolutionProperties) = preSolution
		HideSolutionNode = FALSE
	EndGlobalSection
	GlobalSection(ExtensibilityGlobals) = postSolution
		SolutionGuid = {32F40B5E-A542-4C6E-906D-6A9235B57667}
	EndGlobalSection
EndGlobal
